{
  "version": "4",
  "specifiers": {
    "jsr:@std/encoding@*": "1.0.7",
    "jsr:@std/path@*": "1.0.8"
  },
  "jsr": {
    "@std/encoding@1.0.7": {
      "integrity": "f631247c1698fef289f2de9e2a33d571e46133b38d042905e3eac3715030a82d"
    },
    "@std/path@1.0.8": {
      "integrity": "548fa456bb6a04d3c1a1e7477986b6cffbce95102d0bb447c67c4ee70e0364be"
    }
  }
}
